// !$*UTF8*$!
{
	archiveVersion = 1;
	classes = {
	};
	objectVersion = 50;
	objects = {

/* Begin PBXBuildFile section */
		A315FAD2253C199E0068F45B /* Summary.swift in Sources */ = {isa = PBXBuildFile; fileRef = A315FAD1253C199E0068F45B /* Summary.swift */; };
		A315FAD5253C1AEF0068F45B /* GlobalStats.swift in Sources */ = {isa = PBXBuildFile; fileRef = A315FAD4253C1AEF0068F45B /* GlobalStats.swift */; };
		A315FADA253C1F420068F45B /* Int+Abbr.swift in Sources */ = {isa = PBXBuildFile; fileRef = A315FAD9253C1F420068F45B /* Int+Abbr.swift */; };
		A315FADD253C203F0068F45B /* GlobalStatsView.swift in Sources */ = {isa = PBXBuildFile; fileRef = A315FADC253C203F0068F45B /* GlobalStatsView.swift */; };
		A315FAE0253C260C0068F45B /* CountrySelectionView.swift in Sources */ = {isa = PBXBuildFile; fileRef = A315FADF253C260C0068F45B /* CountrySelectionView.swift */; };
		A315FAE5253C2A410068F45B /* UserDefaultKeys.swift in Sources */ = {isa = PBXBuildFile; fileRef = A315FAE4253C2A410068F45B /* UserDefaultKeys.swift */; };
		A3E3B4CD2532D2B2003ACD81 /* COVID_statsApp.swift in Sources */ = {isa = PBXBuildFile; fileRef = A3E3B4CC2532D2B2003ACD81 /* COVID_statsApp.swift */; };
		A3E3B4CF2532D2B2003ACD81 /* SummaryView.swift in Sources */ = {isa = PBXBuildFile; fileRef = A3E3B4CE2532D2B2003ACD81 /* SummaryView.swift */; };
		A3E3B4D12532D2B2003ACD81 /* Assets.xcassets in Resources */ = {isa = PBXBuildFile; fileRef = A3E3B4D02532D2B2003ACD81 /* Assets.xcassets */; };
		A3E3B4D42532D2B2003ACD81 /* Preview Assets.xcassets in Resources */ = {isa = PBXBuildFile; fileRef = A3E3B4D32532D2B2003ACD81 /* Preview Assets.xcassets */; };
		A3E3B4DF2532D342003ACD81 /* Country.swift in Sources */ = {isa = PBXBuildFile; fileRef = A3E3B4DE2532D342003ACD81 /* Country.swift */; };
		A3E3B4E42532D501003ACD81 /* APIService.swift in Sources */ = {isa = PBXBuildFile; fileRef = A3E3B4E32532D501003ACD81 /* APIService.swift */; };
		A3E3B4E82532DB65003ACD81 /* DetailCountryView.swift in Sources */ = {isa = PBXBuildFile; fileRef = A3E3B4E72532DB65003ACD81 /* DetailCountryView.swift */; };
		A3E3B4EB2532DCB8003ACD81 /* LiveStats.swift in Sources */ = {isa = PBXBuildFile; fileRef = A3E3B4EA2532DCB8003ACD81 /* LiveStats.swift */; };
/* End PBXBuildFile section */

/* Begin PBXFileReference section */
		A315FAD1253C199E0068F45B /* Summary.swift */ = {isa = PBXFileReference; lastKnownFileType = sourcecode.swift; path = Summary.swift; sourceTree = "<group>"; };
		A315FAD4253C1AEF0068F45B /* GlobalStats.swift */ = {isa = PBXFileReference; lastKnownFileType = sourcecode.swift; path = GlobalStats.swift; sourceTree = "<group>"; };
		A315FAD9253C1F420068F45B /* Int+Abbr.swift */ = {isa = PBXFileReference; lastKnownFileType = sourcecode.swift; path = "Int+Abbr.swift"; sourceTree = "<group>"; };
		A315FADC253C203F0068F45B /* GlobalStatsView.swift */ = {isa = PBXFileReference; lastKnownFileType = sourcecode.swift; path = GlobalStatsView.swift; sourceTree = "<group>"; };
		A315FADF253C260C0068F45B /* CountrySelectionView.swift */ = {isa = PBXFileReference; lastKnownFileType = sourcecode.swift; path = CountrySelectionView.swift; sourceTree = "<group>"; };
		A315FAE4253C2A410068F45B /* UserDefaultKeys.swift */ = {isa = PBXFileReference; lastKnownFileType = sourcecode.swift; path = UserDefaultKeys.swift; sourceTree = "<group>"; };
		A3E3B4C92532D2B2003ACD81 /* COVID stats.app */ = {isa = PBXFileReference; explicitFileType = wrapper.application; includeInIndex = 0; path = "COVID stats.app"; sourceTree = BUILT_PRODUCTS_DIR; };
		A3E3B4CC2532D2B2003ACD81 /* COVID_statsApp.swift */ = {isa = PBXFileReference; lastKnownFileType = sourcecode.swift; path = COVID_statsApp.swift; sourceTree = "<group>"; };
		A3E3B4CE2532D2B2003ACD81 /* SummaryView.swift */ = {isa = PBXFileReference; lastKnownFileType = sourcecode.swift; path = SummaryView.swift; sourceTree = "<group>"; };
		A3E3B4D02532D2B2003ACD81 /* Assets.xcassets */ = {isa = PBXFileReference; lastKnownFileType = folder.assetcatalog; path = Assets.xcassets; sourceTree = "<group>"; };
		A3E3B4D32532D2B2003ACD81 /* Preview Assets.xcassets */ = {isa = PBXFileReference; lastKnownFileType = folder.assetcatalog; path = "Preview Assets.xcassets"; sourceTree = "<group>"; };
		A3E3B4D52532D2B2003ACD81 /* Info.plist */ = {isa = PBXFileReference; lastKnownFileType = text.plist.xml; path = Info.plist; sourceTree = "<group>"; };
		A3E3B4DE2532D342003ACD81 /* Country.swift */ = {isa = PBXFileReference; lastKnownFileType = sourcecode.swift; path = Country.swift; sourceTree = "<group>"; };
		A3E3B4E32532D501003ACD81 /* APIService.swift */ = {isa = PBXFileReference; lastKnownFileType = sourcecode.swift; path = APIService.swift; sourceTree = "<group>"; };
		A3E3B4E72532DB65003ACD81 /* DetailCountryView.swift */ = {isa = PBXFileReference; lastKnownFileType = sourcecode.swift; path = DetailCountryView.swift; sourceTree = "<group>"; };
		A3E3B4EA2532DCB8003ACD81 /* LiveStats.swift */ = {isa = PBXFileReference; lastKnownFileType = sourcecode.swift; path = LiveStats.swift; sourceTree = "<group>"; };
/* End PBXFileReference section */

/* Begin PBXFrameworksBuildPhase section */
		A3E3B4C62532D2B2003ACD81 /* Frameworks */ = {
			isa = PBXFrameworksBuildPhase;
			buildActionMask = 2147483647;
			files = (
			);
			runOnlyForDeploymentPostprocessing = 0;
		};
/* End PBXFrameworksBuildPhase section */

/* Begin PBXGroup section */
		A315FAD8253C1F280068F45B /* Extensions */ = {
			isa = PBXGroup;
			children = (
				A315FAD9253C1F420068F45B /* Int+Abbr.swift */,
			);
			path = Extensions;
			sourceTree = "<group>";
		};
		A315FAE3253C2A260068F45B /* Utilities */ = {
			isa = PBXGroup;
			children = (
				A315FAE4253C2A410068F45B /* UserDefaultKeys.swift */,
			);
			path = Utilities;
			sourceTree = "<group>";
		};
		A3E3B4C02532D2B2003ACD81 = {
			isa = PBXGroup;
			children = (
				A3E3B4CB2532D2B2003ACD81 /* COVID stats */,
				A3E3B4CA2532D2B2003ACD81 /* Products */,
			);
			sourceTree = "<group>";
		};
		A3E3B4CA2532D2B2003ACD81 /* Products */ = {
			isa = PBXGroup;
			children = (
				A3E3B4C92532D2B2003ACD81 /* COVID stats.app */,
			);
			name = Products;
			sourceTree = "<group>";
		};
		A3E3B4CB2532D2B2003ACD81 /* COVID stats */ = {
			isa = PBXGroup;
			children = (
				A315FAE3253C2A260068F45B /* Utilities */,
				A315FAD8253C1F280068F45B /* Extensions */,
				A3E3B4E22532D4E3003ACD81 /* Networking */,
				A3E3B4DD2532D309003ACD81 /* Model */,
				A3E3B4DC2532D2FF003ACD81 /* View */,
				A3E3B4CC2532D2B2003ACD81 /* COVID_statsApp.swift */,
				A3E3B4D02532D2B2003ACD81 /* Assets.xcassets */,
				A3E3B4D52532D2B2003ACD81 /* Info.plist */,
				A3E3B4D22532D2B2003ACD81 /* Preview Content */,
			);
			path = "COVID stats";
			sourceTree = "<group>";
		};
		A3E3B4D22532D2B2003ACD81 /* Preview Content */ = {
			isa = PBXGroup;
			children = (
				A3E3B4D32532D2B2003ACD81 /* Preview Assets.xcassets */,
			);
			path = "Preview Content";
			sourceTree = "<group>";
		};
		A3E3B4DC2532D2FF003ACD81 /* View */ = {
			isa = PBXGroup;
			children = (
				A3E3B4CE2532D2B2003ACD81 /* SummaryView.swift */,
				A3E3B4E72532DB65003ACD81 /* DetailCountryView.swift */,
				A315FADC253C203F0068F45B /* GlobalStatsView.swift */,
				A315FADF253C260C0068F45B /* CountrySelectionView.swift */,
			);
			path = View;
			sourceTree = "<group>";
		};
		A3E3B4DD2532D309003ACD81 /* Model */ = {
			isa = PBXGroup;
			children = (
				A3E3B4DE2532D342003ACD81 /* Country.swift */,
				A3E3B4EA2532DCB8003ACD81 /* LiveStats.swift */,
				A315FAD1253C199E0068F45B /* Summary.swift */,
				A315FAD4253C1AEF0068F45B /* GlobalStats.swift */,
			);
			path = Model;
			sourceTree = "<group>";
		};
		A3E3B4E22532D4E3003ACD81 /* Networking */ = {
			isa = PBXGroup;
			children = (
				A3E3B4E32532D501003ACD81 /* APIService.swift */,
			);
			path = Networking;
			sourceTree = "<group>";
		};
/* End PBXGroup section */

/* Begin PBXNativeTarget section */
		A3E3B4C82532D2B2003ACD81 /* COVID stats */ = {
			isa = PBXNativeTarget;
			buildConfigurationList = A3E3B4D82532D2B2003ACD81 /* Build configuration list for PBXNativeTarget "COVID stats" */;
			buildPhases = (
				A3E3B4C52532D2B2003ACD81 /* Sources */,
				A3E3B4C62532D2B2003ACD81 /* Frameworks */,
				A3E3B4C72532D2B2003ACD81 /* Resources */,
			);
			buildRules = (
			);
			dependencies = (
			);
			name = "COVID stats";
			productName = "COVID stats";
			productReference = A3E3B4C92532D2B2003ACD81 /* COVID stats.app */;
			productType = "com.apple.product-type.application";
		};
/* End PBXNativeTarget section */

/* Begin PBXProject section */
		A3E3B4C12532D2B2003ACD81 /* Project object */ = {
			isa = PBXProject;
			attributes = {
				LastSwiftUpdateCheck = 1200;
				LastUpgradeCheck = 1200;
				TargetAttributes = {
					A3E3B4C82532D2B2003ACD81 = {
						CreatedOnToolsVersion = 12.0.1;
					};
				};
			};
			buildConfigurationList = A3E3B4C42532D2B2003ACD81 /* Build configuration list for PBXProject "COVID stats" */;
			compatibilityVersion = "Xcode 9.3";
			developmentRegion = en;
			hasScannedForEncodings = 0;
			knownRegions = (
				en,
				Base,
			);
			mainGroup = A3E3B4C02532D2B2003ACD81;
			productRefGroup = A3E3B4CA2532D2B2003ACD81 /* Products */;
			projectDirPath = "";
			projectRoot = "";
			targets = (
				A3E3B4C82532D2B2003ACD81 /* COVID stats */,
			);
		};
/* End PBXProject section */

/* Begin PBXResourcesBuildPhase section */
		A3E3B4C72532D2B2003ACD81 /* Resources */ = {
			isa = PBXResourcesBuildPhase;
			buildActionMask = 2147483647;
			files = (
				A3E3B4D42532D2B2003ACD81 /* Preview Assets.xcassets in Resources */,
				A3E3B4D12532D2B2003ACD81 /* Assets.xcassets in Resources */,
			);
			runOnlyForDeploymentPostprocessing = 0;
		};
/* End PBXResourcesBuildPhase section */

/* Begin PBXSourcesBuildPhase section */
		A3E3B4C52532D2B2003ACD81 /* Sources */ = {
			isa = PBXSourcesBuildPhase;
			buildActionMask = 2147483647;
			files = (
				A3E3B4CF2532D2B2003ACD81 /* SummaryView.swift in Sources */,
				A315FADA253C1F420068F45B /* Int+Abbr.swift in Sources */,
				A3E3B4DF2532D342003ACD81 /* Country.swift in Sources */,
				A315FAE0253C260C0068F45B /* CountrySelectionView.swift in Sources */,
				A315FADD253C203F0068F45B /* GlobalStatsView.swift in Sources */,
				A3E3B4E42532D501003ACD81 /* APIService.swift in Sources */,
				A3E3B4E82532DB65003ACD81 /* DetailCountryView.swift in Sources */,
				A315FAD5253C1AEF0068F45B /* GlobalStats.swift in Sources */,
				A315FAE5253C2A410068F45B /* UserDefaultKeys.swift in Sources */,
				A3E3B4CD2532D2B2003ACD81 /* COVID_statsApp.swift in Sources */,
				A3E3B4EB2532DCB8003ACD81 /* LiveStats.swift in Sources */,
				A315FAD2253C199E0068F45B /* Summary.swift in Sources */,
			);
			runOnlyForDeploymentPostprocessing = 0;
		};
/* End PBXSourcesBuildPhase section */

/* Begin XCBuildConfiguration section */
		A3E3B4D62532D2B2003ACD81 /* Debug */ = {
			isa = XCBuildConfiguration;
			buildSettings = {
				ALWAYS_SEARCH_USER_PATHS = NO;
				CLANG_ANALYZER_NONNULL = YES;
				CLANG_ANALYZER_NUMBER_OBJECT_CONVERSION = YES_AGGRESSIVE;
				CLANG_CXX_LANGUAGE_STANDARD = "gnu++14";
				CLANG_CXX_LIBRARY = "libc++";
				CLANG_ENABLE_MODULES = YES;
				CLANG_ENABLE_OBJC_ARC = YES;
				CLANG_ENABLE_OBJC_WEAK = YES;
				CLANG_WARN_BLOCK_CAPTURE_AUTORELEASING = YES;
				CLANG_WARN_BOOL_CONVERSION = YES;
				CLANG_WARN_COMMA = YES;
				CLANG_WARN_CONSTANT_CONVERSION = YES;
				CLANG_WARN_DEPRECATED_OBJC_IMPLEMENTATIONS = YES;
				CLANG_WARN_DIRECT_OBJC_ISA_USAGE = YES_ERROR;
				CLANG_WARN_DOCUMENTATION_COMMENTS = YES;
				CLANG_WARN_EMPTY_BODY = YES;
				CLANG_WARN_ENUM_CONVERSION = YES;
				CLANG_WARN_INFINITE_RECURSION = YES;
				CLANG_WARN_INT_CONVERSION = YES;
				CLANG_WARN_NON_LITERAL_NULL_CONVERSION = YES;
				CLANG_WARN_OBJC_IMPLICIT_RETAIN_SELF = YES;
				CLANG_WARN_OBJC_LITERAL_CONVERSION = YES;
				CLANG_WARN_OBJC_ROOT_CLASS = YES_ERROR;
				CLANG_WARN_QUOTED_INCLUDE_IN_FRAMEWORK_HEADER = YES;
				CLANG_WARN_RANGE_LOOP_ANALYSIS = YES;
				CLANG_WARN_STRICT_PROTOTYPES = YES;
				CLANG_WARN_SUSPICIOUS_MOVE = YES;
				CLANG_WARN_UNGUARDED_AVAILABILITY = YES_AGGRESSIVE;
				CLANG_WARN_UNREACHABLE_CODE = YES;
				CLANG_WARN__DUPLICATE_METHOD_MATCH = YES;
				COPY_PHASE_STRIP = NO;
				DEBUG_INFORMATION_FORMAT = dwarf;
				ENABLE_STRICT_OBJC_MSGSEND = YES;
				ENABLE_TESTABILITY = YES;
				GCC_C_LANGUAGE_STANDARD = gnu11;
				GCC_DYNAMIC_NO_PIC = NO;
				GCC_NO_COMMON_BLOCKS = YES;
				GCC_OPTIMIZATION_LEVEL = 0;
				GCC_PREPROCESSOR_DEFINITIONS = (
					"DEBUG=1",
					"$(inherited)",
				);
				GCC_WARN_64_TO_32_BIT_CONVERSION = YES;
				GCC_WARN_ABOUT_RETURN_TYPE = YES_ERROR;
				GCC_WARN_UNDECLARED_SELECTOR = YES;
				GCC_WARN_UNINITIALIZED_AUTOS = YES_AGGRESSIVE;
				GCC_WARN_UNUSED_FUNCTION = YES;
				GCC_WARN_UNUSED_VARIABLE = YES;
				IPHONEOS_DEPLOYMENT_TARGET = 14.0;
				MTL_ENABLE_DEBUG_INFO = INCLUDE_SOURCE;
				MTL_FAST_MATH = YES;
				ONLY_ACTIVE_ARCH = YES;
				SDKROOT = iphoneos;
				SWIFT_ACTIVE_COMPILATION_CONDITIONS = DEBUG;
				SWIFT_OPTIMIZATION_LEVEL = "-Onone";
			};
			name = Debug;
		};
		A3E3B4D72532D2B2003ACD81 /* Release */ = {
			isa = XCBuildConfiguration;
			buildSettings = {
				ALWAYS_SEARCH_USER_PATHS = NO;
				CLANG_ANALYZER_NONNULL = YES;
				CLANG_ANALYZER_NUMBER_OBJECT_CONVERSION = YES_AGGRESSIVE;
				CLANG_CXX_LANGUAGE_STANDARD = "gnu++14";
				CLANG_CXX_LIBRARY = "libc++";
				CLANG_ENABLE_MODULES = YES;
				CLANG_ENABLE_OBJC_ARC = YES;
				CLANG_ENABLE_OBJC_WEAK = YES;
				CLANG_WARN_BLOCK_CAPTURE_AUTORELEASING = YES;
				CLANG_WARN_BOOL_CONVERSION = YES;
				CLANG_WARN_COMMA = YES;
				CLANG_WARN_CONSTANT_CONVERSION = YES;
				CLANG_WARN_DEPRECATED_OBJC_IMPLEMENTATIONS = YES;
				CLANG_WARN_DIRECT_OBJC_ISA_USAGE = YES_ERROR;
				CLANG_WARN_DOCUMENTATION_COMMENTS = YES;
				CLANG_WARN_EMPTY_BODY = YES;
				CLANG_WARN_ENUM_CONVERSION = YES;
				CLANG_WARN_INFINITE_RECURSION = YES;
				CLANG_WARN_INT_CONVERSION = YES;
				CLANG_WARN_NON_LITERAL_NULL_CONVERSION = YES;
				CLANG_WARN_OBJC_IMPLICIT_RETAIN_SELF = YES;
				CLANG_WARN_OBJC_LITERAL_CONVERSION = YES;
				CLANG_WARN_OBJC_ROOT_CLASS = YES_ERROR;
				CLANG_WARN_QUOTED_INCLUDE_IN_FRAMEWORK_HEADER = YES;
				CLANG_WARN_RANGE_LOOP_ANALYSIS = YES;
				CLANG_WARN_STRICT_PROTOTYPES = YES;
				CLANG_WARN_SUSPICIOUS_MOVE = YES;
				CLANG_WARN_UNGUARDED_AVAILABILITY = YES_AGGRESSIVE;
				CLANG_WARN_UNREACHABLE_CODE = YES;
				CLANG_WARN__DUPLICATE_METHOD_MATCH = YES;
				COPY_PHASE_STRIP = NO;
				DEBUG_INFORMATION_FORMAT = "dwarf-with-dsym";
				ENABLE_NS_ASSERTIONS = NO;
				ENABLE_STRICT_OBJC_MSGSEND = YES;
				GCC_C_LANGUAGE_STANDARD = gnu11;
				GCC_NO_COMMON_BLOCKS = YES;
				GCC_WARN_64_TO_32_BIT_CONVERSION = YES;
				GCC_WARN_ABOUT_RETURN_TYPE = YES_ERROR;
				GCC_WARN_UNDECLARED_SELECTOR = YES;
				GCC_WARN_UNINITIALIZED_AUTOS = YES_AGGRESSIVE;
				GCC_WARN_UNUSED_FUNCTION = YES;
				GCC_WARN_UNUSED_VARIABLE = YES;
				IPHONEOS_DEPLOYMENT_TARGET = 14.0;
				MTL_ENABLE_DEBUG_INFO = NO;
				MTL_FAST_MATH = YES;
				SDKROOT = iphoneos;
				SWIFT_COMPILATION_MODE = wholemodule;
				SWIFT_OPTIMIZATION_LEVEL = "-O";
				VALIDATE_PRODUCT = YES;
			};
			name = Release;
		};
		A3E3B4D92532D2B2003ACD81 /* Debug */ = {
			isa = XCBuildConfiguration;
			buildSettings = {
				ASSETCATALOG_COMPILER_APPICON_NAME = AppIcon;
				ASSETCATALOG_COMPILER_GLOBAL_ACCENT_COLOR_NAME = AccentColor;
				CODE_SIGN_STYLE = Automatic;
				DEVELOPMENT_ASSET_PATHS = "\"COVID stats/Preview Content\"";
				DEVELOPMENT_TEAM = 36N7S5EZ55;
				ENABLE_PREVIEWS = YES;
				INFOPLIST_FILE = "COVID stats/Info.plist";
				IPHONEOS_DEPLOYMENT_TARGET = 14.0;
				LD_RUNPATH_SEARCH_PATHS = (
					"$(inherited)",
					"@executable_path/Frameworks",
				);
				PRODUCT_BUNDLE_IDENTIFIER = "com.markbattistella.COVID-stats";
				PRODUCT_NAME = "$(TARGET_NAME)";
				SWIFT_VERSION = 5.0;
				TARGETED_DEVICE_FAMILY = "1,2";
			};
			name = Debug;
		};
		A3E3B4DA2532D2B2003ACD81 /* Release */ = {
			isa = XCBuildConfiguration;
			buildSettings = {
				ASSETCATALOG_COMPILER_APPICON_NAME = AppIcon;
				ASSETCATALOG_COMPILER_GLOBAL_ACCENT_COLOR_NAME = AccentColor;
				CODE_SIGN_STYLE = Automatic;
				DEVELOPMENT_ASSET_PATHS = "\"COVID stats/Preview Content\"";
				DEVELOPMENT_TEAM = 36N7S5EZ55;
				ENABLE_PREVIEWS = YES;
				INFOPLIST_FILE = "COVID stats/Info.plist";
				IPHONEOS_DEPLOYMENT_TARGET = 14.0;
				LD_RUNPATH_SEARCH_PATHS = (
					"$(inherited)",
					"@executable_path/Frameworks",
				);
				PRODUCT_BUNDLE_IDENTIFIER = "com.markbattistella.COVID-stats";
				PRODUCT_NAME = "$(TARGET_NAME)";
				SWIFT_VERSION = 5.0;
				TARGETED_DEVICE_FAMILY = "1,2";
			};
			name = Release;
		};
/* End XCBuildConfiguration section */

/* Begin XCConfigurationList section */
		A3E3B4C42532D2B2003ACD81 /* Build configuration list for PBXProject "COVID stats" */ = {
			isa = XCConfigurationList;
			buildConfigurations = (
				A3E3B4D62532D2B2003ACD81 /* Debug */,
				A3E3B4D72532D2B2003ACD81 /* Release */,
			);
			defaultConfigurationIsVisible = 0;
			defaultConfigurationName = Release;
		};
		A3E3B4D82532D2B2003ACD81 /* Build configuration list for PBXNativeTarget "COVID stats" */ = {
			isa = XCConfigurationList;
			buildConfigurations = (
				A3E3B4D92532D2B2003ACD81 /* Debug */,
				A3E3B4DA2532D2B2003ACD81 /* Release */,
			);
			defaultConfigurationIsVisible = 0;
			defaultConfigurationName = Release;
		};
/* End XCConfigurationList section */
	};
	rootObject = A3E3B4C12532D2B2003ACD81 /* Project object */;
}
